
Microsoft Visual Studio Solution File, Format Version 12.00
# Visual Studio 15
VisualStudioVersion = 15.0.26403.3
MinimumVisualStudioVersion = 10.0.40219.1
Project("{2150E333-8FDC-42A3-9474-1A3956D46DE8}") = ".build", ".build", "{AA577967-C0C2-4028-986F-410368B9D342}"
	ProjectSection(SolutionItems) = preProject
		..\build.bat = ..\build.bat
		..\build.fsx = ..\build.fsx
	EndProjectSection
EndProject
Project("{FAE04EC0-301F-11D3-BF4B-00C04F79EFBC}") = "Genesis.GenericSerialDisposable", "Genesis.GenericSerialDisposable\Genesis.GenericSerialDisposable.csproj", "{89661110-F0FB-4FD9-8416-693AED760A76}"
EndProject
Project("{FAE04EC0-301F-11D3-BF4B-00C04F79EFBC}") = "Genesis.GenericSerialDisposable.UnitTests", "Genesis.GenericSerialDisposable.UnitTests\Genesis.GenericSerialDisposable.UnitTests.csproj", "{12A710C9-EEE1-422D-843B-2073C5D063A5}"
EndProject
Global
	GlobalSection(SolutionConfigurationPlatforms) = preSolution
		Debug|Any CPU = Debug|Any CPU
		Release|Any CPU = Release|Any CPU
	EndGlobalSection
	GlobalSection(ProjectConfigurationPlatforms) = postSolution
		{89661110-F0FB-4FD9-8416-693AED760A76}.Debug|Any CPU.ActiveCfg = Debug|Any CPU
		{89661110-F0FB-4FD9-8416-693AED760A76}.Debug|Any CPU.Build.0 = Debug|Any CPU
		{89661110-F0FB-4FD9-8416-693AED760A76}.Release|Any CPU.ActiveCfg = Release|Any CPU
		{89661110-F0FB-4FD9-8416-693AED760A76}.Release|Any CPU.Build.0 = Release|Any CPU
		{12A710C9-EEE1-422D-843B-2073C5D063A5}.Debug|Any CPU.ActiveCfg = Debug|Any CPU
		{12A710C9-EEE1-422D-843B-2073C5D063A5}.Debug|Any CPU.Build.0 = Debug|Any CPU
		{12A710C9-EEE1-422D-843B-2073C5D063A5}.Release|Any CPU.ActiveCfg = Release|Any CPU
		{12A710C9-EEE1-422D-843B-2073C5D063A5}.Release|Any CPU.Build.0 = Release|Any CPU
	EndGlobalSection
	GlobalSection(SolutionProperties) = preSolution
		HideSolutionNode = FALSE
	EndGlobalSection
EndGlobal
